
Microsoft Visual Studio Solution File, Format Version 12.00
# Visual Studio Version 17
VisualStudioVersion = 17.9.34728.123
MinimumVisualStudioVersion = 10.0.40219.1
Project("{FAE04EC0-301F-11D3-BF4B-00C04F79EFBC}") = "autolavado", "autolavado\autolavado.csproj", "{C1953638-F5A3-4A8F-AE7B-B74BC81FDA09}"
EndProject
Global
	GlobalSection(SolutionConfigurationPlatforms) = preSolution
		Debug|Any CPU = Debug|Any CPU
		Release|Any CPU = Release|Any CPU
	EndGlobalSection
	GlobalSection(ProjectConfigurationPlatforms) = postSolution
		{C1953638-F5A3-4A8F-AE7B-B74BC81FDA09}.Debug|Any CPU.ActiveCfg = Debug|Any CPU
		{C1953638-F5A3-4A8F-AE7B-B74BC81FDA09}.Debug|Any CPU.Build.0 = Debug|Any CPU
		{C1953638-F5A3-4A8F-AE7B-B74BC81FDA09}.Release|Any CPU.ActiveCfg = Release|Any CPU
		{C1953638-F5A3-4A8F-AE7B-B74BC81FDA09}.Release|Any CPU.Build.0 = Release|Any CPU
	EndGlobalSection
	GlobalSection(SolutionProperties) = preSolution
		HideSolutionNode = FALSE
	EndGlobalSection
	GlobalSection(ExtensibilityGlobals) = postSolution
		SolutionGuid = {59EDD7FE-9D0E-4948-A363-605F9615B5C0}
	EndGlobalSection
EndGlobal
